Microsoft Visual Studio Solution File, Format Version 12.00
# Visual Studio 15
VisualStudioVersion = 15.0.26430.6
MinimumVisualStudioVersion = 10.0.40219.1
Project("{FAE04EC0-301F-11D3-BF4B-00C04F79EFBC}") = "Snyd", "Snyd\Snyd.csproj", "{E29C478B-2CB6-403A-B76A-DA2D97BF32F3}"
EndProject
Project("{FAE04EC0-301F-11D3-BF4B-00C04F79EFBC}") = "Snyd.iOS", "iOS\Snyd.iOS.csproj", "{21AEE282-559F-443F-9E34-EBADBE580F0B}"
EndProject
Project("{FAE04EC0-301F-11D3-BF4B-00C04F79EFBC}") = "Snyd.Droid", "Droid\Snyd.Droid.csproj", "{C7458CFA-7109-4B79-9588-6E3645A13858}"
EndProject
Global
	GlobalSection(SolutionConfigurationPlatforms) = preSolution
		Debug|Any CPU = Debug|Any CPU
		Debug|iPhone = Debug|iPhone
		Debug|iPhoneSimulator = Debug|iPhoneSimulator
		Release|Any CPU = Release|Any CPU
		Release|iPhone = Release|iPhone
		Release|iPhoneSimulator = Release|iPhoneSimulator
	EndGlobalSection
	GlobalSection(ProjectConfigurationPlatforms) = postSolution
		{E29C478B-2CB6-403A-B76A-DA2D97BF32F3}.Debug|Any CPU.ActiveCfg = Debug|Any CPU
		{E29C478B-2CB6-403A-B76A-DA2D97BF32F3}.Debug|Any CPU.Build.0 = Debug|Any CPU
		{E29C478B-2CB6-403A-B76A-DA2D97BF32F3}.Debug|iPhone.ActiveCfg = Debug|Any CPU
		{E29C478B-2CB6-403A-B76A-DA2D97BF32F3}.Debug|iPhone.Build.0 = Debug|Any CPU
		{E29C478B-2CB6-403A-B76A-DA2D97BF32F3}.Debug|iPhoneSimulator.ActiveCfg = Debug|Any CPU
		{E29C478B-2CB6-403A-B76A-DA2D97BF32F3}.Debug|iPhoneSimulator.Build.0 = Debug|Any CPU
		{E29C478B-2CB6-403A-B76A-DA2D97BF32F3}.Release|Any CPU.ActiveCfg = Release|Any CPU
		{E29C478B-2CB6-403A-B76A-DA2D97BF32F3}.Release|Any CPU.Build.0 = Release|Any CPU
		{E29C478B-2CB6-403A-B76A-DA2D97BF32F3}.Release|iPhone.ActiveCfg = Release|Any CPU
		{E29C478B-2CB6-403A-B76A-DA2D97BF32F3}.Release|iPhone.Build.0 = Release|Any CPU
		{E29C478B-2CB6-403A-B76A-DA2D97BF32F3}.Release|iPhoneSimulator.ActiveCfg = Release|Any CPU
		{E29C478B-2CB6-403A-B76A-DA2D97BF32F3}.Release|iPhoneSimulator.Build.0 = Release|Any CPU
		{21AEE282-559F-443F-9E34-EBADBE580F0B}.Debug|Any CPU.ActiveCfg = Debug|iPhoneSimulator
		{21AEE282-559F-443F-9E34-EBADBE580F0B}.Debug|Any CPU.Build.0 = Debug|iPhoneSimulator
		{21AEE282-559F-443F-9E34-EBADBE580F0B}.Debug|iPhone.ActiveCfg = Debug|iPhone
		{21AEE282-559F-443F-9E34-EBADBE580F0B}.Debug|iPhone.Build.0 = Debug|iPhone
		{21AEE282-559F-443F-9E34-EBADBE580F0B}.Debug|iPhoneSimulator.ActiveCfg = Debug|iPhoneSimulator
		{21AEE282-559F-443F-9E34-EBADBE580F0B}.Debug|iPhoneSimulator.Build.0 = Debug|iPhoneSimulator
		{21AEE282-559F-443F-9E34-EBADBE580F0B}.Release|Any CPU.ActiveCfg = Release|iPhone
		{21AEE282-559F-443F-9E34-EBADBE580F0B}.Release|Any CPU.Build.0 = Release|iPhone
		{21AEE282-559F-443F-9E34-EBADBE580F0B}.Release|iPhone.ActiveCfg = Release|iPhone
		{21AEE282-559F-443F-9E34-EBADBE580F0B}.Release|iPhone.Build.0 = Release|iPhone
		{21AEE282-559F-443F-9E34-EBADBE580F0B}.Release|iPhoneSimulator.ActiveCfg = Release|iPhoneSimulator
		{21AEE282-559F-443F-9E34-EBADBE580F0B}.Release|iPhoneSimulator.Build.0 = Release|iPhoneSimulator
		{C7458CFA-7109-4B79-9588-6E3645A13858}.Debug|Any CPU.ActiveCfg = Debug|Any CPU
		{C7458CFA-7109-4B79-9588-6E3645A13858}.Debug|Any CPU.Build.0 = Debug|Any CPU
		{C7458CFA-7109-4B79-9588-6E3645A13858}.Debug|Any CPU.Deploy.0 = Debug|Any CPU
		{C7458CFA-7109-4B79-9588-6E3645A13858}.Debug|iPhone.ActiveCfg = Debug|Any CPU
		{C7458CFA-7109-4B79-9588-6E3645A13858}.Debug|iPhone.Build.0 = Debug|Any CPU
		{C7458CFA-7109-4B79-9588-6E3645A13858}.Debug|iPhoneSimulator.ActiveCfg = Debug|Any CPU
		{C7458CFA-7109-4B79-9588-6E3645A13858}.Debug|iPhoneSimulator.Build.0 = Debug|Any CPU
		{C7458CFA-7109-4B79-9588-6E3645A13858}.Release|Any CPU.ActiveCfg = Release|Any CPU
		{C7458CFA-7109-4B79-9588-6E3645A13858}.Release|Any CPU.Build.0 = Release|Any CPU
		{C7458CFA-7109-4B79-9588-6E3645A13858}.Release|iPhone.ActiveCfg = Release|Any CPU
		{C7458CFA-7109-4B79-9588-6E3645A13858}.Release|iPhone.Build.0 = Release|Any CPU
		{C7458CFA-7109-4B79-9588-6E3645A13858}.Release|iPhoneSimulator.ActiveCfg = Release|Any CPU
		{C7458CFA-7109-4B79-9588-6E3645A13858}.Release|iPhoneSimulator.Build.0 = Release|Any CPU
	EndGlobalSection
	GlobalSection(SolutionProperties) = preSolution
		HideSolutionNode = FALSE
	EndGlobalSection
EndGlobal
